<?xml version="1.0" encoding="utf-8"?>
<Project ToolsVersion="4.0" xmlns="http://schemas.microsoft.com/developer/msbuild/2003">
  <ItemGroup>
    <Filter Include="Framework">
      <UniqueIdentifier>{4FC737F1-C7A5-4376-A066-2A32D752A2FF}</UniqueIdentifier>
      <Extensions>cpp;c;cc;cxx;c++;cppm;ixx;def;odl;idl;hpj;bat;asm;asmx</Extensions>
    </Filter>
  </ItemGroup>
  <ItemGroup>
    <ClInclude Include="Code\Astroid.h">
      <Filter>Framework</Filter>
    </ClInclude>
    <ClInclude Include="Code\Bullet.h">
      <Filter>Framework</Filter>
    </ClInclude>
    <ClInclude Include="Code\Entity.h">
      <Filter>Framework</Filter>
    </ClInclude>
    <ClInclude Include="Code\Game.h">
      <Filter>Framework</Filter>
    </ClInclude>
    <ClInclude Include="Code\Ship.h">
      <Filter>Framework</Filter>
    </ClInclude>
  </ItemGroup>
  <ItemGroup>
    <ClCompile Include="Code\Astroid.cpp">
      <Filter>Framework</Filter>
    </ClCompile>
    <ClCompile Include="Code\Bullet.cpp">
      <Filter>Framework</Filter>
    </ClCompile>
    <ClCompile Include="Code\Game.cpp">
      <Filter>Framework</Filter>
    </ClCompile>
    <ClCompile Include="Code\Ship.cpp">
      <Filter>Framework</Filter>
    </ClCompile>
    <ClCompile Include="Main.cpp">
      <Filter>Framework</Filter>
    </ClCompile>
  </ItemGroup>
</Project>